// !$*UTF8*$!
{
	archiveVersion = 1;
	classes = {
	};
	objectVersion = 46;
	objects = {

/* Begin PBXBuildFile section */
		9E185D932886E98600381E4C /* ResolverProxyEvent.swift in Sources */ = {isa = PBXBuildFile; fileRef = 9E185D922886E98600381E4C /* ResolverProxyEvent.swift */; };
		9E185DA2288E989900381E4C /* FromPrior+Extensions.swift in Sources */ = {isa = PBXBuildFile; fileRef = 9E185DA1288E989900381E4C /* FromPrior+Extensions.swift */; };
		9E185DA8288EA02200381E4C /* DIDCommMessageHelpersModule.swift in Sources */ = {isa = PBXBuildFile; fileRef = 9E185DA7288EA02200381E4C /* DIDCommMessageHelpersModule.swift */; };
		9E185DAA288EA02F00381E4C /* Message+Extensions.swift in Sources */ = {isa = PBXBuildFile; fileRef = 9E185DA9288EA02F00381E4C /* Message+Extensions.swift */; };
		9E185DAC288EA03400381E4C /* Metadata+Extensions.swift in Sources */ = {isa = PBXBuildFile; fileRef = 9E185DAB288EA03400381E4C /* Metadata+Extensions.swift */; };
		9E185DAE288EA04200381E4C /* DIDCommMessageHelpersModule.m in Sources */ = {isa = PBXBuildFile; fileRef = 9E185DAD288EA04200381E4C /* DIDCommMessageHelpersModule.m */; };
		9E185DB0288EA14A00381E4C /* SecretType+Extensions.swift in Sources */ = {isa = PBXBuildFile; fileRef = 9E185DAF288EA14A00381E4C /* SecretType+Extensions.swift */; };
		9E185DB4288EA47B00381E4C /* SecretMaterial+Extensions.swift in Sources */ = {isa = PBXBuildFile; fileRef = 9E185DB3288EA47B00381E4C /* SecretMaterial+Extensions.swift */; };
		9E185DB8288EA6E900381E4C /* VerificationMethodType+Extensions.swift in Sources */ = {isa = PBXBuildFile; fileRef = 9E185DB7288EA6E900381E4C /* VerificationMethodType+Extensions.swift */; };
		9E185DBA288EA83C00381E4C /* VerificationMaterial+Extensions.swift in Sources */ = {isa = PBXBuildFile; fileRef = 9E185DB9288EA83C00381E4C /* VerificationMaterial+Extensions.swift */; };
		9E185DBC288EAEDB00381E4C /* AnonCryptAlg+Extensions.swift in Sources */ = {isa = PBXBuildFile; fileRef = 9E185DBB288EAEDA00381E4C /* AnonCryptAlg+Extensions.swift */; };
		9E185DBE288EB58500381E4C /* String+Extensions.swift in Sources */ = {isa = PBXBuildFile; fileRef = 9E185DBD288EB58500381E4C /* String+Extensions.swift */; };
		9E185DC0288EC41A00381E4C /* JSONDictionary+Extensions.swift in Sources */ = {isa = PBXBuildFile; fileRef = 9E185DBF288EC41A00381E4C /* JSONDictionary+Extensions.swift */; };
		9E185DC2288EDED000381E4C /* DidDoc+Extensions.swift in Sources */ = {isa = PBXBuildFile; fileRef = 9E185DC1288EDED000381E4C /* DidDoc+Extensions.swift */; };
		9E185DC4288EDEDE00381E4C /* Secrets+Extensions.swift in Sources */ = {isa = PBXBuildFile; fileRef = 9E185DC3288EDEDE00381E4C /* Secrets+Extensions.swift */; };
		9E185DC8288EEE1000381E4C /* Service+Extensions.swift in Sources */ = {isa = PBXBuildFile; fileRef = 9E185DC7288EEE1000381E4C /* Service+Extensions.swift */; };
		9E9915972892DA9A00081B21 /* Attachment+Extensions.swift in Sources */ = {isa = PBXBuildFile; fileRef = 9E9915962892DA9A00081B21 /* Attachment+Extensions.swift */; };
		9EC14DFA28856BF200C97663 /* DIDCommResolversProxyModule.m in Sources */ = {isa = PBXBuildFile; fileRef = 9EC14DF828856BF200C97663 /* DIDCommResolversProxyModule.m */; };
		9EC14E0128856C1F00C97663 /* SecretsResolverProxy.swift in Sources */ = {isa = PBXBuildFile; fileRef = 9EC14DFC28856C1F00C97663 /* SecretsResolverProxy.swift */; };
		9EC14E0228856C1F00C97663 /* Utils.swift in Sources */ = {isa = PBXBuildFile; fileRef = 9EC14DFD28856C1F00C97663 /* Utils.swift */; };
		9EC14E0328856C1F00C97663 /* DidResolverProxy.swift in Sources */ = {isa = PBXBuildFile; fileRef = 9EC14DFE28856C1F00C97663 /* DidResolverProxy.swift */; };
		9EC14E0528856C1F00C97663 /* DIDCommResolversProxyModule.swift in Sources */ = {isa = PBXBuildFile; fileRef = 9EC14E0028856C1F00C97663 /* DIDCommResolversProxyModule.swift */; };
		9EC14E072886AE3500C97663 /* DIDCommFromPriorHelpersModule.swift in Sources */ = {isa = PBXBuildFile; fileRef = 9EC14E062886AE3500C97663 /* DIDCommFromPriorHelpersModule.swift */; };
		9EC14E0A2886AE6600C97663 /* DIDCommFromPriorHelpersModule.m in Sources */ = {isa = PBXBuildFile; fileRef = 9EC14E092886AE6600C97663 /* DIDCommFromPriorHelpersModule.m */; };
		BC0E5B171940AE1CBFCC3146 /* Pods_Didcomm.framework in Frameworks */ = {isa = PBXBuildFile; fileRef = D72438E5CDE48FF264B60B15 /* Pods_Didcomm.framework */; };
/* End PBXBuildFile section */

/* Begin PBXCopyFilesBuildPhase section */
		58B511D91A9E6C8500147676 /* CopyFiles */ = {
			isa = PBXCopyFilesBuildPhase;
			buildActionMask = 2147483647;
			dstPath = "include/$(PRODUCT_NAME)";
			dstSubfolderSpec = 16;
			files = (
			);
			runOnlyForDeploymentPostprocessing = 0;
		};
/* End PBXCopyFilesBuildPhase section */

/* Begin PBXFileReference section */
		134814201AA4EA6300B7C361 /* libDidcomm.a */ = {isa = PBXFileReference; explicitFileType = archive.ar; includeInIndex = 0; path = libDidcomm.a; sourceTree = BUILT_PRODUCTS_DIR; };
		251AC10DE83302FB127702A6 /* Pods-Didcomm.release.xcconfig */ = {isa = PBXFileReference; includeInIndex = 1; lastKnownFileType = text.xcconfig; name = "Pods-Didcomm.release.xcconfig"; path = "Target Support Files/Pods-Didcomm/Pods-Didcomm.release.xcconfig"; sourceTree = "<group>"; };
		87E6BCE151A8F7774213EE87 /* Pods-Didcomm.debug.xcconfig */ = {isa = PBXFileReference; includeInIndex = 1; lastKnownFileType = text.xcconfig; name = "Pods-Didcomm.debug.xcconfig"; path = "Target Support Files/Pods-Didcomm/Pods-Didcomm.debug.xcconfig"; sourceTree = "<group>"; };
		9E185D922886E98600381E4C /* ResolverProxyEvent.swift */ = {isa = PBXFileReference; lastKnownFileType = sourcecode.swift; path = ResolverProxyEvent.swift; sourceTree = "<group>"; };
		9E185DA1288E989900381E4C /* FromPrior+Extensions.swift */ = {isa = PBXFileReference; lastKnownFileType = sourcecode.swift; path = "FromPrior+Extensions.swift"; sourceTree = "<group>"; };
		9E185DA7288EA02200381E4C /* DIDCommMessageHelpersModule.swift */ = {isa = PBXFileReference; fileEncoding = 4; lastKnownFileType = sourcecode.swift; path = DIDCommMessageHelpersModule.swift; sourceTree = "<group>"; };
		9E185DA9288EA02F00381E4C /* Message+Extensions.swift */ = {isa = PBXFileReference; fileEncoding = 4; lastKnownFileType = sourcecode.swift; path = "Message+Extensions.swift"; sourceTree = "<group>"; };
		9E185DAB288EA03400381E4C /* Metadata+Extensions.swift */ = {isa = PBXFileReference; fileEncoding = 4; lastKnownFileType = sourcecode.swift; path = "Metadata+Extensions.swift"; sourceTree = "<group>"; };
		9E185DAD288EA04200381E4C /* DIDCommMessageHelpersModule.m */ = {isa = PBXFileReference; fileEncoding = 4; lastKnownFileType = sourcecode.c.objc; path = DIDCommMessageHelpersModule.m; sourceTree = "<group>"; };
		9E185DAF288EA14A00381E4C /* SecretType+Extensions.swift */ = {isa = PBXFileReference; lastKnownFileType = sourcecode.swift; path = "SecretType+Extensions.swift"; sourceTree = "<group>"; };
		9E185DB3288EA47B00381E4C /* SecretMaterial+Extensions.swift */ = {isa = PBXFileReference; lastKnownFileType = sourcecode.swift; path = "SecretMaterial+Extensions.swift"; sourceTree = "<group>"; };
		9E185DB7288EA6E900381E4C /* VerificationMethodType+Extensions.swift */ = {isa = PBXFileReference; fileEncoding = 4; lastKnownFileType = sourcecode.swift; path = "VerificationMethodType+Extensions.swift"; sourceTree = "<group>"; };
		9E185DB9288EA83C00381E4C /* VerificationMaterial+Extensions.swift */ = {isa = PBXFileReference; lastKnownFileType = sourcecode.swift; path = "VerificationMaterial+Extensions.swift"; sourceTree = "<group>"; };
		9E185DBB288EAEDA00381E4C /* AnonCryptAlg+Extensions.swift */ = {isa = PBXFileReference; lastKnownFileType = sourcecode.swift; path = "AnonCryptAlg+Extensions.swift"; sourceTree = "<group>"; };
		9E185DBD288EB58500381E4C /* String+Extensions.swift */ = {isa = PBXFileReference; lastKnownFileType = sourcecode.swift; path = "String+Extensions.swift"; sourceTree = "<group>"; };
		9E185DBF288EC41A00381E4C /* JSONDictionary+Extensions.swift */ = {isa = PBXFileReference; lastKnownFileType = sourcecode.swift; path = "JSONDictionary+Extensions.swift"; sourceTree = "<group>"; };
		9E185DC1288EDED000381E4C /* DidDoc+Extensions.swift */ = {isa = PBXFileReference; lastKnownFileType = sourcecode.swift; path = "DidDoc+Extensions.swift"; sourceTree = "<group>"; };
		9E185DC3288EDEDE00381E4C /* Secrets+Extensions.swift */ = {isa = PBXFileReference; lastKnownFileType = sourcecode.swift; path = "Secrets+Extensions.swift"; sourceTree = "<group>"; };
		9E185DC7288EEE1000381E4C /* Service+Extensions.swift */ = {isa = PBXFileReference; lastKnownFileType = sourcecode.swift; path = "Service+Extensions.swift"; sourceTree = "<group>"; };
		9E9915962892DA9A00081B21 /* Attachment+Extensions.swift */ = {isa = PBXFileReference; fileEncoding = 4; lastKnownFileType = sourcecode.swift; path = "Attachment+Extensions.swift"; sourceTree = "<group>"; };
		9EC14DF828856BF200C97663 /* DIDCommResolversProxyModule.m */ = {isa = PBXFileReference; fileEncoding = 4; lastKnownFileType = sourcecode.c.objc; path = DIDCommResolversProxyModule.m; sourceTree = "<group>"; };
		9EC14DFC28856C1F00C97663 /* SecretsResolverProxy.swift */ = {isa = PBXFileReference; fileEncoding = 4; lastKnownFileType = sourcecode.swift; path = SecretsResolverProxy.swift; sourceTree = "<group>"; };
		9EC14DFD28856C1F00C97663 /* Utils.swift */ = {isa = PBXFileReference; fileEncoding = 4; lastKnownFileType = sourcecode.swift; path = Utils.swift; sourceTree = "<group>"; };
		9EC14DFE28856C1F00C97663 /* DidResolverProxy.swift */ = {isa = PBXFileReference; fileEncoding = 4; lastKnownFileType = sourcecode.swift; path = DidResolverProxy.swift; sourceTree = "<group>"; };
		9EC14E0028856C1F00C97663 /* DIDCommResolversProxyModule.swift */ = {isa = PBXFileReference; fileEncoding = 4; lastKnownFileType = sourcecode.swift; path = DIDCommResolversProxyModule.swift; sourceTree = "<group>"; };
		9EC14E062886AE3500C97663 /* DIDCommFromPriorHelpersModule.swift */ = {isa = PBXFileReference; lastKnownFileType = sourcecode.swift; path = DIDCommFromPriorHelpersModule.swift; sourceTree = "<group>"; };
		9EC14E092886AE6600C97663 /* DIDCommFromPriorHelpersModule.m */ = {isa = PBXFileReference; lastKnownFileType = sourcecode.c.objc; path = DIDCommFromPriorHelpersModule.m; sourceTree = "<group>"; };
		D72438E5CDE48FF264B60B15 /* Pods_Didcomm.framework */ = {isa = PBXFileReference; explicitFileType = wrapper.framework; includeInIndex = 0; path = Pods_Didcomm.framework; sourceTree = BUILT_PRODUCTS_DIR; };
		F4FF95D5245B92E700C19C63 /* Didcomm-Bridging-Header.h */ = {isa = PBXFileReference; lastKnownFileType = sourcecode.c.h; path = "Didcomm-Bridging-Header.h"; sourceTree = "<group>"; };
/* End PBXFileReference section */

/* Begin PBXFrameworksBuildPhase section */
		58B511D81A9E6C8500147676 /* Frameworks */ = {
			isa = PBXFrameworksBuildPhase;
			buildActionMask = 2147483647;
			files = (
				BC0E5B171940AE1CBFCC3146 /* Pods_Didcomm.framework in Frameworks */,
			);
			runOnlyForDeploymentPostprocessing = 0;
		};
/* End PBXFrameworksBuildPhase section */

/* Begin PBXGroup section */
		134814211AA4EA7D00B7C361 /* Products */ = {
			isa = PBXGroup;
			children = (
				134814201AA4EA6300B7C361 /* libDidcomm.a */,
			);
			name = Products;
			sourceTree = "<group>";
		};
		58B511D21A9E6C8500147676 = {
			isa = PBXGroup;
			children = (
				9E185DA0288E986A00381E4C /* Extensions */,
				F4FF95D5245B92E700C19C63 /* Didcomm-Bridging-Header.h */,
				9EC14DFB28856BFE00C97663 /* Source */,
				9EC14DF628856B6100C97663 /* Interfaces */,
				134814211AA4EA7D00B7C361 /* Products */,
				731CEEB6BE73E7C54C7FEF67 /* Pods */,
				C8AD5CAA52E54B766E74BC3F /* Frameworks */,
			);
			sourceTree = "<group>";
		};
		731CEEB6BE73E7C54C7FEF67 /* Pods */ = {
			isa = PBXGroup;
			children = (
				87E6BCE151A8F7774213EE87 /* Pods-Didcomm.debug.xcconfig */,
				251AC10DE83302FB127702A6 /* Pods-Didcomm.release.xcconfig */,
			);
			path = Pods;
			sourceTree = "<group>";
		};
		9E185DA0288E986A00381E4C /* Extensions */ = {
			isa = PBXGroup;
			children = (
				9E9915962892DA9A00081B21 /* Attachment+Extensions.swift */,
				9E185DAB288EA03400381E4C /* Metadata+Extensions.swift */,
				9E185DA9288EA02F00381E4C /* Message+Extensions.swift */,
				9E185DA1288E989900381E4C /* FromPrior+Extensions.swift */,
				9E185DAF288EA14A00381E4C /* SecretType+Extensions.swift */,
				9E185DB3288EA47B00381E4C /* SecretMaterial+Extensions.swift */,
				9E185DB7288EA6E900381E4C /* VerificationMethodType+Extensions.swift */,
				9E185DB9288EA83C00381E4C /* VerificationMaterial+Extensions.swift */,
				9E185DBB288EAEDA00381E4C /* AnonCryptAlg+Extensions.swift */,
				9E185DBD288EB58500381E4C /* String+Extensions.swift */,
				9E185DBF288EC41A00381E4C /* JSONDictionary+Extensions.swift */,
				9E185DC1288EDED000381E4C /* DidDoc+Extensions.swift */,
				9E185DC3288EDEDE00381E4C /* Secrets+Extensions.swift */,
				9E185DC7288EEE1000381E4C /* Service+Extensions.swift */,
			);
			path = Extensions;
			sourceTree = "<group>";
		};
		9EC14DF628856B6100C97663 /* Interfaces */ = {
			isa = PBXGroup;
			children = (
				9E185DAD288EA04200381E4C /* DIDCommMessageHelpersModule.m */,
				9EC14DF828856BF200C97663 /* DIDCommResolversProxyModule.m */,
				9EC14E092886AE6600C97663 /* DIDCommFromPriorHelpersModule.m */,
			);
			path = Interfaces;
			sourceTree = "<group>";
		};
		9EC14DFB28856BFE00C97663 /* Source */ = {
			isa = PBXGroup;
			children = (
				9E185DA7288EA02200381E4C /* DIDCommMessageHelpersModule.swift */,
				9EC14E062886AE3500C97663 /* DIDCommFromPriorHelpersModule.swift */,
				9EC14E0028856C1F00C97663 /* DIDCommResolversProxyModule.swift */,
				9EC14DFE28856C1F00C97663 /* DidResolverProxy.swift */,
				9E185D922886E98600381E4C /* ResolverProxyEvent.swift */,
				9EC14DFC28856C1F00C97663 /* SecretsResolverProxy.swift */,
				9EC14DFD28856C1F00C97663 /* Utils.swift */,
			);
			path = Source;
			sourceTree = "<group>";
		};
		C8AD5CAA52E54B766E74BC3F /* Frameworks */ = {
			isa = PBXGroup;
			children = (
				D72438E5CDE48FF264B60B15 /* Pods_Didcomm.framework */,
			);
			name = Frameworks;
			sourceTree = "<group>";
		};
/* End PBXGroup section */

/* Begin PBXNativeTarget section */
		58B511DA1A9E6C8500147676 /* Didcomm */ = {
			isa = PBXNativeTarget;
			buildConfigurationList = 58B511EF1A9E6C8500147676 /* Build configuration list for PBXNativeTarget "Didcomm" */;
			buildPhases = (
				DE4C8CF13713F4C80E543AE3 /* [CP] Check Pods Manifest.lock */,
				58B511D71A9E6C8500147676 /* Sources */,
				58B511D81A9E6C8500147676 /* Frameworks */,
				58B511D91A9E6C8500147676 /* CopyFiles */,
			);
			buildRules = (
			);
			dependencies = (
			);
			name = Didcomm;
			productName = RCTDataManager;
			productReference = 134814201AA4EA6300B7C361 /* libDidcomm.a */;
			productType = "com.apple.product-type.library.static";
		};
/* End PBXNativeTarget section */

/* Begin PBXProject section */
		58B511D31A9E6C8500147676 /* Project object */ = {
			isa = PBXProject;
			attributes = {
				LastUpgradeCheck = 0920;
				ORGANIZATIONNAME = Facebook;
				TargetAttributes = {
					58B511DA1A9E6C8500147676 = {
						CreatedOnToolsVersion = 6.1.1;
					};
				};
			};
			buildConfigurationList = 58B511D61A9E6C8500147676 /* Build configuration list for PBXProject "Didcomm" */;
			compatibilityVersion = "Xcode 3.2";
			developmentRegion = English;
			hasScannedForEncodings = 0;
			knownRegions = (
				English,
				en,
			);
			mainGroup = 58B511D21A9E6C8500147676;
			productRefGroup = 58B511D21A9E6C8500147676;
			projectDirPath = "";
			projectRoot = "";
			targets = (
				58B511DA1A9E6C8500147676 /* Didcomm */,
			);
		};
/* End PBXProject section */

/* Begin PBXShellScriptBuildPhase section */
		DE4C8CF13713F4C80E543AE3 /* [CP] Check Pods Manifest.lock */ = {
			isa = PBXShellScriptBuildPhase;
			buildActionMask = 2147483647;
			files = (
			);
			inputFileListPaths = (
			);
			inputPaths = (
				"${PODS_PODFILE_DIR_PATH}/Podfile.lock",
				"${PODS_ROOT}/Manifest.lock",
			);
			name = "[CP] Check Pods Manifest.lock";
			outputFileListPaths = (
			);
			outputPaths = (
				"$(DERIVED_FILE_DIR)/Pods-Didcomm-checkManifestLockResult.txt",
			);
			runOnlyForDeploymentPostprocessing = 0;
			shellPath = /bin/sh;
			shellScript = "diff \"${PODS_PODFILE_DIR_PATH}/Podfile.lock\" \"${PODS_ROOT}/Manifest.lock\" > /dev/null\nif [ $? != 0 ] ; then\n    # print error to STDERR\n    echo \"error: The sandbox is not in sync with the Podfile.lock. Run 'pod install' or update your CocoaPods installation.\" >&2\n    exit 1\nfi\n# This output is used by Xcode 'outputs' to avoid re-running this script phase.\necho \"SUCCESS\" > \"${SCRIPT_OUTPUT_FILE_0}\"\n";
			showEnvVarsInLog = 0;
		};
/* End PBXShellScriptBuildPhase section */

/* Begin PBXSourcesBuildPhase section */
		58B511D71A9E6C8500147676 /* Sources */ = {
			isa = PBXSourcesBuildPhase;
			buildActionMask = 2147483647;
			files = (
				9EC14E0328856C1F00C97663 /* DidResolverProxy.swift in Sources */,
				9EC14E0528856C1F00C97663 /* DIDCommResolversProxyModule.swift in Sources */,
				9EC14E0228856C1F00C97663 /* Utils.swift in Sources */,
				9E185DC2288EDED000381E4C /* DidDoc+Extensions.swift in Sources */,
				9E185DAC288EA03400381E4C /* Metadata+Extensions.swift in Sources */,
				9E185DBC288EAEDB00381E4C /* AnonCryptAlg+Extensions.swift in Sources */,
				9E185DB8288EA6E900381E4C /* VerificationMethodType+Extensions.swift in Sources */,
				9E185DB0288EA14A00381E4C /* SecretType+Extensions.swift in Sources */,
				9EC14E072886AE3500C97663 /* DIDCommFromPriorHelpersModule.swift in Sources */,
				9E185DBA288EA83C00381E4C /* VerificationMaterial+Extensions.swift in Sources */,
				9E185DBE288EB58500381E4C /* String+Extensions.swift in Sources */,
				9E185DC0288EC41A00381E4C /* JSONDictionary+Extensions.swift in Sources */,
				9E185D932886E98600381E4C /* ResolverProxyEvent.swift in Sources */,
				9E185DC4288EDEDE00381E4C /* Secrets+Extensions.swift in Sources */,
				9EC14DFA28856BF200C97663 /* DIDCommResolversProxyModule.m in Sources */,
				9EC14E0128856C1F00C97663 /* SecretsResolverProxy.swift in Sources */,
				9E185DC8288EEE1000381E4C /* Service+Extensions.swift in Sources */,
				9E185DAA288EA02F00381E4C /* Message+Extensions.swift in Sources */,
				9E9915972892DA9A00081B21 /* Attachment+Extensions.swift in Sources */,
				9E185DAE288EA04200381E4C /* DIDCommMessageHelpersModule.m in Sources */,
				9E185DA8288EA02200381E4C /* DIDCommMessageHelpersModule.swift in Sources */,
				9E185DA2288E989900381E4C /* FromPrior+Extensions.swift in Sources */,
				9E185DB4288EA47B00381E4C /* SecretMaterial+Extensions.swift in Sources */,
				9EC14E0A2886AE6600C97663 /* DIDCommFromPriorHelpersModule.m in Sources */,
			);
			runOnlyForDeploymentPostprocessing = 0;
		};
/* End PBXSourcesBuildPhase section */

/* Begin XCBuildConfiguration section */
		58B511ED1A9E6C8500147676 /* Debug */ = {
			isa = XCBuildConfiguration;
			buildSettings = {
				ALWAYS_SEARCH_USER_PATHS = NO;
				CLANG_CXX_LANGUAGE_STANDARD = "gnu++0x";
				CLANG_CXX_LIBRARY = "libc++";
				CLANG_ENABLE_MODULES = YES;
				CLANG_ENABLE_OBJC_ARC = YES;
				CLANG_WARN_BLOCK_CAPTURE_AUTORELEASING = YES;
				CLANG_WARN_BOOL_CONVERSION = YES;
				CLANG_WARN_COMMA = YES;
				CLANG_WARN_CONSTANT_CONVERSION = YES;
				CLANG_WARN_DIRECT_OBJC_ISA_USAGE = YES_ERROR;
				CLANG_WARN_EMPTY_BODY = YES;
				CLANG_WARN_ENUM_CONVERSION = YES;
				CLANG_WARN_INFINITE_RECURSION = YES;
				CLANG_WARN_INT_CONVERSION = YES;
				CLANG_WARN_NON_LITERAL_NULL_CONVERSION = YES;
				CLANG_WARN_OBJC_LITERAL_CONVERSION = YES;
				CLANG_WARN_OBJC_ROOT_CLASS = YES_ERROR;
				CLANG_WARN_RANGE_LOOP_ANALYSIS = YES;
				CLANG_WARN_STRICT_PROTOTYPES = YES;
				CLANG_WARN_SUSPICIOUS_MOVE = YES;
				CLANG_WARN_UNREACHABLE_CODE = YES;
				CLANG_WARN__DUPLICATE_METHOD_MATCH = YES;
				COPY_PHASE_STRIP = NO;
				ENABLE_STRICT_OBJC_MSGSEND = YES;
				ENABLE_TESTABILITY = YES;
				"EXCLUDED_ARCHS[sdk=*]" = arm64;
				GCC_C_LANGUAGE_STANDARD = gnu99;
				GCC_DYNAMIC_NO_PIC = NO;
				GCC_NO_COMMON_BLOCKS = YES;
				GCC_OPTIMIZATION_LEVEL = 0;
				GCC_PREPROCESSOR_DEFINITIONS = (
					"DEBUG=1",
					"$(inherited)",
				);
				GCC_SYMBOLS_PRIVATE_EXTERN = NO;
				GCC_WARN_64_TO_32_BIT_CONVERSION = YES;
				GCC_WARN_ABOUT_RETURN_TYPE = YES_ERROR;
				GCC_WARN_UNDECLARED_SELECTOR = YES;
				GCC_WARN_UNINITIALIZED_AUTOS = YES_AGGRESSIVE;
				GCC_WARN_UNUSED_FUNCTION = YES;
				GCC_WARN_UNUSED_VARIABLE = YES;
				IPHONEOS_DEPLOYMENT_TARGET = 8.0;
				MTL_ENABLE_DEBUG_INFO = YES;
				ONLY_ACTIVE_ARCH = YES;
				SDKROOT = iphoneos;
			};
			name = Debug;
		};
		58B511EE1A9E6C8500147676 /* Release */ = {
			isa = XCBuildConfiguration;
			buildSettings = {
				ALWAYS_SEARCH_USER_PATHS = NO;
				CLANG_CXX_LANGUAGE_STANDARD = "gnu++0x";
				CLANG_CXX_LIBRARY = "libc++";
				CLANG_ENABLE_MODULES = YES;
				CLANG_ENABLE_OBJC_ARC = YES;
				CLANG_WARN_BLOCK_CAPTURE_AUTORELEASING = YES;
				CLANG_WARN_BOOL_CONVERSION = YES;
				CLANG_WARN_COMMA = YES;
				CLANG_WARN_CONSTANT_CONVERSION = YES;
				CLANG_WARN_DIRECT_OBJC_ISA_USAGE = YES_ERROR;
				CLANG_WARN_EMPTY_BODY = YES;
				CLANG_WARN_ENUM_CONVERSION = YES;
				CLANG_WARN_INFINITE_RECURSION = YES;
				CLANG_WARN_INT_CONVERSION = YES;
				CLANG_WARN_NON_LITERAL_NULL_CONVERSION = YES;
				CLANG_WARN_OBJC_LITERAL_CONVERSION = YES;
				CLANG_WARN_OBJC_ROOT_CLASS = YES_ERROR;
				CLANG_WARN_RANGE_LOOP_ANALYSIS = YES;
				CLANG_WARN_STRICT_PROTOTYPES = YES;
				CLANG_WARN_SUSPICIOUS_MOVE = YES;
				CLANG_WARN_UNREACHABLE_CODE = YES;
				CLANG_WARN__DUPLICATE_METHOD_MATCH = YES;
				COPY_PHASE_STRIP = YES;
				ENABLE_NS_ASSERTIONS = NO;
				ENABLE_STRICT_OBJC_MSGSEND = YES;
				"EXCLUDED_ARCHS[sdk=*]" = arm64;
				GCC_C_LANGUAGE_STANDARD = gnu99;
				GCC_NO_COMMON_BLOCKS = YES;
				GCC_WARN_64_TO_32_BIT_CONVERSION = YES;
				GCC_WARN_ABOUT_RETURN_TYPE = YES_ERROR;
				GCC_WARN_UNDECLARED_SELECTOR = YES;
				GCC_WARN_UNINITIALIZED_AUTOS = YES_AGGRESSIVE;
				GCC_WARN_UNUSED_FUNCTION = YES;
				GCC_WARN_UNUSED_VARIABLE = YES;
				IPHONEOS_DEPLOYMENT_TARGET = 8.0;
				MTL_ENABLE_DEBUG_INFO = NO;
				SDKROOT = iphoneos;
				VALIDATE_PRODUCT = YES;
			};
			name = Release;
		};
		58B511F01A9E6C8500147676 /* Debug */ = {
			isa = XCBuildConfiguration;
			baseConfigurationReference = 87E6BCE151A8F7774213EE87 /* Pods-Didcomm.debug.xcconfig */;
			buildSettings = {
				HEADER_SEARCH_PATHS = (
					"$(inherited)",
					/Applications/Xcode.app/Contents/Developer/Toolchains/XcodeDefault.xctoolchain/usr/include,
					"$(SRCROOT)/../../../React/**",
					"$(SRCROOT)/../../react-native/React/**",
				);
				LIBRARY_SEARCH_PATHS = "$(inherited)";
				OTHER_LDFLAGS = "-ObjC";
				PRODUCT_NAME = Didcomm;
				SKIP_INSTALL = YES;
				SWIFT_OBJC_BRIDGING_HEADER = "Didcomm-Bridging-Header.h";
				SWIFT_OPTIMIZATION_LEVEL = "-Onone";
				SWIFT_VERSION = 5.0;
			};
			name = Debug;
		};
		58B511F11A9E6C8500147676 /* Release */ = {
			isa = XCBuildConfiguration;
			baseConfigurationReference = 251AC10DE83302FB127702A6 /* Pods-Didcomm.release.xcconfig */;
			buildSettings = {
				HEADER_SEARCH_PATHS = (
					"$(inherited)",
					/Applications/Xcode.app/Contents/Developer/Toolchains/XcodeDefault.xctoolchain/usr/include,
					"$(SRCROOT)/../../../React/**",
					"$(SRCROOT)/../../react-native/React/**",
				);
				LIBRARY_SEARCH_PATHS = "$(inherited)";
				OTHER_LDFLAGS = "-ObjC";
				PRODUCT_NAME = Didcomm;
				SKIP_INSTALL = YES;
				SWIFT_OBJC_BRIDGING_HEADER = "Didcomm-Bridging-Header.h";
				SWIFT_VERSION = 5.0;
			};
			name = Release;
		};
/* End XCBuildConfiguration section */

/* Begin XCConfigurationList section */
		58B511D61A9E6C8500147676 /* Build configuration list for PBXProject "Didcomm" */ = {
			isa = XCConfigurationList;
			buildConfigurations = (
				58B511ED1A9E6C8500147676 /* Debug */,
				58B511EE1A9E6C8500147676 /* Release */,
			);
			defaultConfigurationIsVisible = 0;
			defaultConfigurationName = Release;
		};
		58B511EF1A9E6C8500147676 /* Build configuration list for PBXNativeTarget "Didcomm" */ = {
			isa = XCConfigurationList;
			buildConfigurations = (
				58B511F01A9E6C8500147676 /* Debug */,
				58B511F11A9E6C8500147676 /* Release */,
			);
			defaultConfigurationIsVisible = 0;
			defaultConfigurationName = Release;
		};
/* End XCConfigurationList section */
	};
	rootObject = 58B511D31A9E6C8500147676 /* Project object */;
}
